// !$*UTF8*$!
{
	archiveVersion = 1;
	classes = {
	};
	objectVersion = 46;
	objects = {

/* Begin PBXBuildFile section */
		5539E2D61C7428AB001601B7 /* main.m in Sources */ = {isa = PBXBuildFile; fileRef = 5539E2D51C7428AB001601B7 /* main.m */; };
		5539E2D91C7428AB001601B7 /* AppDelegate.m in Sources */ = {isa = PBXBuildFile; fileRef = 5539E2D81C7428AB001601B7 /* AppDelegate.m */; };
		5539E2DC1C7428AB001601B7 /* ViewController.m in Sources */ = {isa = PBXBuildFile; fileRef = 5539E2DB1C7428AB001601B7 /* ViewController.m */; };
		5539E2DF1C7428AB001601B7 /* Main.storyboard in Resources */ = {isa = PBXBuildFile; fileRef = 5539E2DD1C7428AB001601B7 /* Main.storyboard */; };
		5539E2E11C7428AB001601B7 /* Assets.xcassets in Resources */ = {isa = PBXBuildFile; fileRef = 5539E2E01C7428AB001601B7 /* Assets.xcassets */; };
		5539E2E41C7428AB001601B7 /* LaunchScreen.storyboard in Resources */ = {isa = PBXBuildFile; fileRef = 5539E2E21C7428AB001601B7 /* LaunchScreen.storyboard */; };
		5539E2EC1C7429FD001601B7 /* AVFoundation.framework in Frameworks */ = {isa = PBXBuildFile; fileRef = 5539E2EB1C7429FD001601B7 /* AVFoundation.framework */; };
		5539E2EE1C742A14001601B7 /* Sounds in Resources */ = {isa = PBXBuildFile; fileRef = 5539E2ED1C742A14001601B7 /* Sounds */; };
		5539E2F71C744DA1001601B7 /* DUnit.m in Sources */ = {isa = PBXBuildFile; fileRef = 5539E2F61C744DA1001601B7 /* DUnit.m */; };
		5539E2FC1C74DED2001601B7 /* Skeleton.aupreset in Resources */ = {isa = PBXBuildFile; fileRef = 5539E2FB1C74DED2001601B7 /* Skeleton.aupreset */; };
		553DAF821C7525C0007C173C /* DSampler.m in Sources */ = {isa = PBXBuildFile; fileRef = 553DAF811C7525C0007C173C /* DSampler.m */; };
		553DAF841C752692007C173C /* DMixer.m in Sources */ = {isa = PBXBuildFile; fileRef = 553DAF831C752692007C173C /* DMixer.m */; };
		553DAF861C7526DE007C173C /* DIO.m in Sources */ = {isa = PBXBuildFile; fileRef = 553DAF851C7526DE007C173C /* DIO.m */; };
		553DAF8A1C7537AE007C173C /* SoundManager.m in Sources */ = {isa = PBXBuildFile; fileRef = 553DAF891C7537AE007C173C /* SoundManager.m */; };
		553DAF8D1C75A72E007C173C /* MeterView.m in Sources */ = {isa = PBXBuildFile; fileRef = 553DAF8C1C75A72E007C173C /* MeterView.m */; };
		55AC260C1C76362300292D32 /* CoreMotion.framework in Frameworks */ = {isa = PBXBuildFile; fileRef = 55AC260B1C76362300292D32 /* CoreMotion.framework */; };
		55AC260F1C764D7800292D32 /* SamplePicker.m in Sources */ = {isa = PBXBuildFile; fileRef = 55AC260E1C764D7800292D32 /* SamplePicker.m */; };
/* End PBXBuildFile section */

/* Begin PBXFileReference section */
		5539E2D11C7428AB001601B7 /* Evil Sampler.app */ = {isa = PBXFileReference; explicitFileType = wrapper.application; includeInIndex = 0; path = "Evil Sampler.app"; sourceTree = BUILT_PRODUCTS_DIR; };
		5539E2D51C7428AB001601B7 /* main.m */ = {isa = PBXFileReference; lastKnownFileType = sourcecode.c.objc; path = main.m; sourceTree = "<group>"; };
		5539E2D71C7428AB001601B7 /* AppDelegate.h */ = {isa = PBXFileReference; lastKnownFileType = sourcecode.c.h; path = AppDelegate.h; sourceTree = "<group>"; };
		5539E2D81C7428AB001601B7 /* AppDelegate.m */ = {isa = PBXFileReference; lastKnownFileType = sourcecode.c.objc; path = AppDelegate.m; sourceTree = "<group>"; };
		5539E2DA1C7428AB001601B7 /* ViewController.h */ = {isa = PBXFileReference; lastKnownFileType = sourcecode.c.h; path = ViewController.h; sourceTree = "<group>"; };
		5539E2DB1C7428AB001601B7 /* ViewController.m */ = {isa = PBXFileReference; lastKnownFileType = sourcecode.c.objc; path = ViewController.m; sourceTree = "<group>"; };
		5539E2DE1C7428AB001601B7 /* Base */ = {isa = PBXFileReference; lastKnownFileType = file.storyboard; name = Base; path = Base.lproj/Main.storyboard; sourceTree = "<group>"; };
		5539E2E01C7428AB001601B7 /* Assets.xcassets */ = {isa = PBXFileReference; lastKnownFileType = folder.assetcatalog; path = Assets.xcassets; sourceTree = "<group>"; };
		5539E2E31C7428AB001601B7 /* Base */ = {isa = PBXFileReference; lastKnownFileType = file.storyboard; name = Base; path = Base.lproj/LaunchScreen.storyboard; sourceTree = "<group>"; };
		5539E2E51C7428AB001601B7 /* Info.plist */ = {isa = PBXFileReference; lastKnownFileType = text.plist.xml; path = Info.plist; sourceTree = "<group>"; };
		5539E2EB1C7429FD001601B7 /* AVFoundation.framework */ = {isa = PBXFileReference; lastKnownFileType = wrapper.framework; name = AVFoundation.framework; path = System/Library/Frameworks/AVFoundation.framework; sourceTree = SDKROOT; };
		5539E2ED1C742A14001601B7 /* Sounds */ = {isa = PBXFileReference; lastKnownFileType = folder; path = Sounds; sourceTree = "<group>"; };
		5539E2F51C744DA1001601B7 /* DUnit.h */ = {isa = PBXFileReference; fileEncoding = 4; lastKnownFileType = sourcecode.c.h; path = DUnit.h; sourceTree = "<group>"; };
		5539E2F61C744DA1001601B7 /* DUnit.m */ = {isa = PBXFileReference; fileEncoding = 4; lastKnownFileType = sourcecode.c.objc; path = DUnit.m; sourceTree = "<group>"; };
		5539E2FB1C74DED2001601B7 /* Skeleton.aupreset */ = {isa = PBXFileReference; fileEncoding = 4; lastKnownFileType = text.xml; path = Skeleton.aupreset; sourceTree = "<group>"; };
		553DAF811C7525C0007C173C /* DSampler.m */ = {isa = PBXFileReference; fileEncoding = 4; lastKnownFileType = sourcecode.c.objc; path = DSampler.m; sourceTree = "<group>"; };
		553DAF831C752692007C173C /* DMixer.m */ = {isa = PBXFileReference; fileEncoding = 4; lastKnownFileType = sourcecode.c.objc; path = DMixer.m; sourceTree = "<group>"; };
		553DAF851C7526DE007C173C /* DIO.m */ = {isa = PBXFileReference; fileEncoding = 4; lastKnownFileType = sourcecode.c.objc; path = DIO.m; sourceTree = "<group>"; };
		553DAF881C7537AE007C173C /* SoundManager.h */ = {isa = PBXFileReference; fileEncoding = 4; lastKnownFileType = sourcecode.c.h; path = SoundManager.h; sourceTree = "<group>"; };
		553DAF891C7537AE007C173C /* SoundManager.m */ = {isa = PBXFileReference; fileEncoding = 4; lastKnownFileType = sourcecode.c.objc; path = SoundManager.m; sourceTree = "<group>"; };
		553DAF8B1C75A72E007C173C /* MeterView.h */ = {isa = PBXFileReference; fileEncoding = 4; lastKnownFileType = sourcecode.c.h; path = MeterView.h; sourceTree = "<group>"; };
		553DAF8C1C75A72E007C173C /* MeterView.m */ = {isa = PBXFileReference; fileEncoding = 4; lastKnownFileType = sourcecode.c.objc; path = MeterView.m; sourceTree = "<group>"; };
		55AC260B1C76362300292D32 /* CoreMotion.framework */ = {isa = PBXFileReference; lastKnownFileType = wrapper.framework; name = CoreMotion.framework; path = System/Library/Frameworks/CoreMotion.framework; sourceTree = SDKROOT; };
		55AC260D1C764D7800292D32 /* SamplePicker.h */ = {isa = PBXFileReference; fileEncoding = 4; lastKnownFileType = sourcecode.c.h; path = SamplePicker.h; sourceTree = "<group>"; };
		55AC260E1C764D7800292D32 /* SamplePicker.m */ = {isa = PBXFileReference; fileEncoding = 4; lastKnownFileType = sourcecode.c.objc; path = SamplePicker.m; sourceTree = "<group>"; };
/* End PBXFileReference section */

/* Begin PBXFrameworksBuildPhase section */
		5539E2CE1C7428AB001601B7 /* Frameworks */ = {
			isa = PBXFrameworksBuildPhase;
			buildActionMask = 2147483647;
			files = (
				55AC260C1C76362300292D32 /* CoreMotion.framework in Frameworks */,
				5539E2EC1C7429FD001601B7 /* AVFoundation.framework in Frameworks */,
			);
			runOnlyForDeploymentPostprocessing = 0;
		};
/* End PBXFrameworksBuildPhase section */

/* Begin PBXGroup section */
		5539E2C81C7428AB001601B7 = {
			isa = PBXGroup;
			children = (
				55AC260B1C76362300292D32 /* CoreMotion.framework */,
				5539E2EB1C7429FD001601B7 /* AVFoundation.framework */,
				5539E2D31C7428AB001601B7 /* Evil Sampler */,
				5539E2D21C7428AB001601B7 /* Products */,
			);
			sourceTree = "<group>";
		};
		5539E2D21C7428AB001601B7 /* Products */ = {
			isa = PBXGroup;
			children = (
				5539E2D11C7428AB001601B7 /* Evil Sampler.app */,
			);
			name = Products;
			sourceTree = "<group>";
		};
		5539E2D31C7428AB001601B7 /* Evil Sampler */ = {
			isa = PBXGroup;
			children = (
				553DAF881C7537AE007C173C /* SoundManager.h */,
				553DAF891C7537AE007C173C /* SoundManager.m */,
				5539E2D71C7428AB001601B7 /* AppDelegate.h */,
				5539E2D81C7428AB001601B7 /* AppDelegate.m */,
				5539E2DA1C7428AB001601B7 /* ViewController.h */,
				5539E2DB1C7428AB001601B7 /* ViewController.m */,
				55AC260D1C764D7800292D32 /* SamplePicker.h */,
				55AC260E1C764D7800292D32 /* SamplePicker.m */,
				553DAF8B1C75A72E007C173C /* MeterView.h */,
				553DAF8C1C75A72E007C173C /* MeterView.m */,
				553DAF871C752B6D007C173C /* DUnit */,
				5539E2DD1C7428AB001601B7 /* Main.storyboard */,
				5539E2E01C7428AB001601B7 /* Assets.xcassets */,
				5539E2E21C7428AB001601B7 /* LaunchScreen.storyboard */,
				5539E2E51C7428AB001601B7 /* Info.plist */,
				5539E2ED1C742A14001601B7 /* Sounds */,
				5539E2D41C7428AB001601B7 /* Supporting Files */,
			);
			path = "Evil Sampler";
			sourceTree = "<group>";
		};
		5539E2D41C7428AB001601B7 /* Supporting Files */ = {
			isa = PBXGroup;
			children = (
				5539E2D51C7428AB001601B7 /* main.m */,
			);
			name = "Supporting Files";
			sourceTree = "<group>";
		};
		553DAF871C752B6D007C173C /* DUnit */ = {
			isa = PBXGroup;
			children = (
				5539E2F51C744DA1001601B7 /* DUnit.h */,
				5539E2F61C744DA1001601B7 /* DUnit.m */,
				553DAF811C7525C0007C173C /* DSampler.m */,
				553DAF851C7526DE007C173C /* DIO.m */,
				553DAF831C752692007C173C /* DMixer.m */,
				5539E2FB1C74DED2001601B7 /* Skeleton.aupreset */,
			);
			name = DUnit;
			sourceTree = "<group>";
		};
/* End PBXGroup section */

/* Begin PBXNativeTarget section */
		5539E2D01C7428AB001601B7 /* Evil Sampler */ = {
			isa = PBXNativeTarget;
			buildConfigurationList = 5539E2E81C7428AB001601B7 /* Build configuration list for PBXNativeTarget "Evil Sampler" */;
			buildPhases = (
				5539E2CD1C7428AB001601B7 /* Sources */,
				5539E2CE1C7428AB001601B7 /* Frameworks */,
				5539E2CF1C7428AB001601B7 /* Resources */,
			);
			buildRules = (
			);
			dependencies = (
			);
			name = "Evil Sampler";
			productName = "Evil Sampler";
			productReference = 5539E2D11C7428AB001601B7 /* Evil Sampler.app */;
			productType = "com.apple.product-type.application";
		};
/* End PBXNativeTarget section */

/* Begin PBXProject section */
		5539E2C91C7428AB001601B7 /* Project object */ = {
			isa = PBXProject;
			attributes = {
				LastUpgradeCheck = 0720;
				ORGANIZATIONNAME = "David O'Neill";
				TargetAttributes = {
					5539E2D01C7428AB001601B7 = {
						CreatedOnToolsVersion = 7.2.1;
						DevelopmentTeam = PM27ULWQ66;
					};
				};
			};
			buildConfigurationList = 5539E2CC1C7428AB001601B7 /* Build configuration list for PBXProject "Evil Sampler" */;
			compatibilityVersion = "Xcode 3.2";
			developmentRegion = English;
			hasScannedForEncodings = 0;
			knownRegions = (
				en,
				Base,
			);
			mainGroup = 5539E2C81C7428AB001601B7;
			productRefGroup = 5539E2D21C7428AB001601B7 /* Products */;
			projectDirPath = "";
			projectRoot = "";
			targets = (
				5539E2D01C7428AB001601B7 /* Evil Sampler */,
			);
		};
/* End PBXProject section */

/* Begin PBXResourcesBuildPhase section */
		5539E2CF1C7428AB001601B7 /* Resources */ = {
			isa = PBXResourcesBuildPhase;
			buildActionMask = 2147483647;
			files = (
				5539E2E41C7428AB001601B7 /* LaunchScreen.storyboard in Resources */,
				5539E2FC1C74DED2001601B7 /* Skeleton.aupreset in Resources */,
				5539E2E11C7428AB001601B7 /* Assets.xcassets in Resources */,
				5539E2EE1C742A14001601B7 /* Sounds in Resources */,
				5539E2DF1C7428AB001601B7 /* Main.storyboard in Resources */,
			);
			runOnlyForDeploymentPostprocessing = 0;
		};
/* End PBXResourcesBuildPhase section */

/* Begin PBXSourcesBuildPhase section */
		5539E2CD1C7428AB001601B7 /* Sources */ = {
			isa = PBXSourcesBuildPhase;
			buildActionMask = 2147483647;
			files = (
				553DAF8D1C75A72E007C173C /* MeterView.m in Sources */,
				5539E2DC1C7428AB001601B7 /* ViewController.m in Sources */,
				5539E2D91C7428AB001601B7 /* AppDelegate.m in Sources */,
				553DAF861C7526DE007C173C /* DIO.m in Sources */,
				553DAF841C752692007C173C /* DMixer.m in Sources */,
				553DAF821C7525C0007C173C /* DSampler.m in Sources */,
				553DAF8A1C7537AE007C173C /* SoundManager.m in Sources */,
				55AC260F1C764D7800292D32 /* SamplePicker.m in Sources */,
				5539E2F71C744DA1001601B7 /* DUnit.m in Sources */,
				5539E2D61C7428AB001601B7 /* main.m in Sources */,
			);
			runOnlyForDeploymentPostprocessing = 0;
		};
/* End PBXSourcesBuildPhase section */

/* Begin PBXVariantGroup section */
		5539E2DD1C7428AB001601B7 /* Main.storyboard */ = {
			isa = PBXVariantGroup;
			children = (
				5539E2DE1C7428AB001601B7 /* Base */,
			);
			name = Main.storyboard;
			sourceTree = "<group>";
		};
		5539E2E21C7428AB001601B7 /* LaunchScreen.storyboard */ = {
			isa = PBXVariantGroup;
			children = (
				5539E2E31C7428AB001601B7 /* Base */,
			);
			name = LaunchScreen.storyboard;
			sourceTree = "<group>";
		};
/* End PBXVariantGroup section */

/* Begin XCBuildConfiguration section */
		5539E2E61C7428AB001601B7 /* Debug */ = {
			isa = XCBuildConfiguration;
			buildSettings = {
				ALWAYS_SEARCH_USER_PATHS = NO;
				CLANG_CXX_LANGUAGE_STANDARD = "gnu++0x";
				CLANG_CXX_LIBRARY = "libc++";
				CLANG_ENABLE_MODULES = YES;
				CLANG_ENABLE_OBJC_ARC = YES;
				CLANG_WARN_BOOL_CONVERSION = YES;
				CLANG_WARN_CONSTANT_CONVERSION = YES;
				CLANG_WARN_DIRECT_OBJC_ISA_USAGE = YES_ERROR;
				CLANG_WARN_EMPTY_BODY = YES;
				CLANG_WARN_ENUM_CONVERSION = YES;
				CLANG_WARN_INT_CONVERSION = YES;
				CLANG_WARN_OBJC_ROOT_CLASS = YES_ERROR;
				CLANG_WARN_UNREACHABLE_CODE = YES;
				CLANG_WARN__DUPLICATE_METHOD_MATCH = YES;
				"CODE_SIGN_IDENTITY[sdk=iphoneos*]" = "iPhone Developer";
				COPY_PHASE_STRIP = NO;
				DEBUG_INFORMATION_FORMAT = dwarf;
				ENABLE_STRICT_OBJC_MSGSEND = YES;
				ENABLE_TESTABILITY = YES;
				GCC_C_LANGUAGE_STANDARD = gnu99;
				GCC_DYNAMIC_NO_PIC = NO;
				GCC_NO_COMMON_BLOCKS = YES;
				GCC_OPTIMIZATION_LEVEL = 0;
				GCC_PREPROCESSOR_DEFINITIONS = (
					"DEBUG=1",
					"$(inherited)",
				);
				GCC_WARN_64_TO_32_BIT_CONVERSION = YES;
				GCC_WARN_ABOUT_RETURN_TYPE = YES_ERROR;
				GCC_WARN_UNDECLARED_SELECTOR = YES;
				GCC_WARN_UNINITIALIZED_AUTOS = YES_AGGRESSIVE;
				GCC_WARN_UNUSED_FUNCTION = YES;
				GCC_WARN_UNUSED_VARIABLE = YES;
				IPHONEOS_DEPLOYMENT_TARGET = 7.0;
				MTL_ENABLE_DEBUG_INFO = YES;
				ONLY_ACTIVE_ARCH = YES;
				SDKROOT = iphoneos;
				TARGETED_DEVICE_FAMILY = "1,2";
			};
			name = Debug;
		};
		5539E2E71C7428AB001601B7 /* Release */ = {
			isa = XCBuildConfiguration;
			buildSettings = {
				ALWAYS_SEARCH_USER_PATHS = NO;
				CLANG_CXX_LANGUAGE_STANDARD = "gnu++0x";
				CLANG_CXX_LIBRARY = "libc++";
				CLANG_ENABLE_MODULES = YES;
				CLANG_ENABLE_OBJC_ARC = YES;
				CLANG_WARN_BOOL_CONVERSION = YES;
				CLANG_WARN_CONSTANT_CONVERSION = YES;
				CLANG_WARN_DIRECT_OBJC_ISA_USAGE = YES_ERROR;
				CLANG_WARN_EMPTY_BODY = YES;
				CLANG_WARN_ENUM_CONVERSION = YES;
				CLANG_WARN_INT_CONVERSION = YES;
				CLANG_WARN_OBJC_ROOT_CLASS = YES_ERROR;
				CLANG_WARN_UNREACHABLE_CODE = YES;
				CLANG_WARN__DUPLICATE_METHOD_MATCH = YES;
				"CODE_SIGN_IDENTITY[sdk=iphoneos*]" = "iPhone Developer";
				COPY_PHASE_STRIP = NO;
				DEBUG_INFORMATION_FORMAT = "dwarf-with-dsym";
				ENABLE_NS_ASSERTIONS = NO;
				ENABLE_STRICT_OBJC_MSGSEND = YES;
				GCC_C_LANGUAGE_STANDARD = gnu99;
				GCC_NO_COMMON_BLOCKS = YES;
				GCC_WARN_64_TO_32_BIT_CONVERSION = YES;
				GCC_WARN_ABOUT_RETURN_TYPE = YES_ERROR;
				GCC_WARN_UNDECLARED_SELECTOR = YES;
				GCC_WARN_UNINITIALIZED_AUTOS = YES_AGGRESSIVE;
				GCC_WARN_UNUSED_FUNCTION = YES;
				GCC_WARN_UNUSED_VARIABLE = YES;
				IPHONEOS_DEPLOYMENT_TARGET = 7.0;
				MTL_ENABLE_DEBUG_INFO = NO;
				SDKROOT = iphoneos;
				TARGETED_DEVICE_FAMILY = "1,2";
				VALIDATE_PRODUCT = YES;
			};
			name = Release;
		};
		5539E2E91C7428AB001601B7 /* Debug */ = {
			isa = XCBuildConfiguration;
			buildSettings = {
				ASSETCATALOG_COMPILER_APPICON_NAME = AppIcon;
				CODE_SIGN_IDENTITY = "iPhone Developer";
				"CODE_SIGN_IDENTITY[sdk=iphoneos*]" = "iPhone Developer";
				INFOPLIST_FILE = "Evil Sampler/Info.plist";
				LD_RUNPATH_SEARCH_PATHS = "$(inherited) @executable_path/Frameworks";
				PRODUCT_BUNDLE_IDENTIFIER = "com.oneill.Evil-Sampler";
				PRODUCT_NAME = "$(TARGET_NAME)";
				PROVISIONING_PROFILE = "";
				TARGETED_DEVICE_FAMILY = "1,2";
			};
			name = Debug;
		};
		5539E2EA1C7428AB001601B7 /* Release */ = {
			isa = XCBuildConfiguration;
			buildSettings = {
				ASSETCATALOG_COMPILER_APPICON_NAME = AppIcon;
				CODE_SIGN_IDENTITY = "iPhone Developer";
				"CODE_SIGN_IDENTITY[sdk=iphoneos*]" = "iPhone Developer";
				INFOPLIST_FILE = "Evil Sampler/Info.plist";
				LD_RUNPATH_SEARCH_PATHS = "$(inherited) @executable_path/Frameworks";
				PRODUCT_BUNDLE_IDENTIFIER = "com.oneill.Evil-Sampler";
				PRODUCT_NAME = "$(TARGET_NAME)";
				PROVISIONING_PROFILE = "";
				TARGETED_DEVICE_FAMILY = "1,2";
			};
			name = Release;
		};
/* End XCBuildConfiguration section */

/* Begin XCConfigurationList section */
		5539E2CC1C7428AB001601B7 /* Build configuration list for PBXProject "Evil Sampler" */ = {
			isa = XCConfigurationList;
			buildConfigurations = (
				5539E2E61C7428AB001601B7 /* Debug */,
				5539E2E71C7428AB001601B7 /* Release */,
			);
			defaultConfigurationIsVisible = 0;
			defaultConfigurationName = Release;
		};
		5539E2E81C7428AB001601B7 /* Build configuration list for PBXNativeTarget "Evil Sampler" */ = {
			isa = XCConfigurationList;
			buildConfigurations = (
				5539E2E91C7428AB001601B7 /* Debug */,
				5539E2EA1C7428AB001601B7 /* Release */,
			);
			defaultConfigurationIsVisible = 0;
			defaultConfigurationName = Release;
		};
/* End XCConfigurationList section */
	};
	rootObject = 5539E2C91C7428AB001601B7 /* Project object */;
}
